
Microsoft Visual Studio Solution File, Format Version 12.00
# Visual Studio Version 17
VisualStudioVersion = 17.13.35806.99 d17.13
MinimumVisualStudioVersion = 10.0.40219.1
Project("{FAE04EC0-301F-11D3-BF4B-00C04F79EFBC}") = "Ticket_Booking_System", "Ticket_Booking_System.csproj", "{67C6DB4E-ABF6-4934-B293-C49BEC69533A}"
EndProject
Global
	GlobalSection(SolutionConfigurationPlatforms) = preSolution
		Debug|Any CPU = Debug|Any CPU
		Release|Any CPU = Release|Any CPU
	EndGlobalSection
	GlobalSection(ProjectConfigurationPlatforms) = postSolution
		{67C6DB4E-ABF6-4934-B293-C49BEC69533A}.Debug|Any CPU.ActiveCfg = Debug|Any CPU
		{67C6DB4E-ABF6-4934-B293-C49BEC69533A}.Debug|Any CPU.Build.0 = Debug|Any CPU
		{67C6DB4E-ABF6-4934-B293-C49BEC69533A}.Release|Any CPU.ActiveCfg = Release|Any CPU
		{67C6DB4E-ABF6-4934-B293-C49BEC69533A}.Release|Any CPU.Build.0 = Release|Any CPU
	EndGlobalSection
	GlobalSection(SolutionProperties) = preSolution
		HideSolutionNode = FALSE
	EndGlobalSection
	GlobalSection(ExtensibilityGlobals) = postSolution
		SolutionGuid = {01FFBEEB-21FA-4F17-BDE8-4A34DEE9C4C3}
	EndGlobalSection
EndGlobal
