
Microsoft Visual Studio Solution File, Format Version 12.00
# Visual Studio Version 17
VisualStudioVersion = 17.13.35825.156 d17.13
MinimumVisualStudioVersion = 10.0.40219.1
Project("{FAE04EC0-301F-11D3-BF4B-00C04F79EFBC}") = "structure_student", "structure_student.csproj", "{BBB8446A-37DA-46F0-ACA0-DC93B39D8F15}"
EndProject
Global
	GlobalSection(SolutionConfigurationPlatforms) = preSolution
		Debug|Any CPU = Debug|Any CPU
		Release|Any CPU = Release|Any CPU
	EndGlobalSection
	GlobalSection(ProjectConfigurationPlatforms) = postSolution
		{BBB8446A-37DA-46F0-ACA0-DC93B39D8F15}.Debug|Any CPU.ActiveCfg = Debug|Any CPU
		{BBB8446A-37DA-46F0-ACA0-DC93B39D8F15}.Debug|Any CPU.Build.0 = Debug|Any CPU
		{BBB8446A-37DA-46F0-ACA0-DC93B39D8F15}.Release|Any CPU.ActiveCfg = Release|Any CPU
		{BBB8446A-37DA-46F0-ACA0-DC93B39D8F15}.Release|Any CPU.Build.0 = Release|Any CPU
	EndGlobalSection
	GlobalSection(SolutionProperties) = preSolution
		HideSolutionNode = FALSE
	EndGlobalSection
	GlobalSection(ExtensibilityGlobals) = postSolution
		SolutionGuid = {C116158C-47A1-49F5-9115-39B53896A239}
	EndGlobalSection
EndGlobal
